
Microsoft Visual Studio Solution File, Format Version 12.00
# Visual Studio Version 16
VisualStudioVersion = 16.0.30523.141
MinimumVisualStudioVersion = 10.0.40219.1
Project("{8BC9CEB8-8B4A-11D0-8D11-00A0C91BC942}") = "test", "test\test.vcxproj", "{6C6CBED8-9CCD-4E6D-A199-3EDE4F9CE6D8}"
EndProject
Project("{8BC9CEB8-8B4A-11D0-8D11-00A0C91BC942}") = "LayerGame", "LayerGame\LayerGame.vcxproj", "{00D0B8E0-61E3-4669-AB52-87CA450F739E}"
EndProject
Global
	GlobalSection(SolutionConfigurationPlatforms) = preSolution
		Debug|x64 = Debug|x64
		Debug|x86 = Debug|x86
		Release|x64 = Release|x64
		Release|x86 = Release|x86
	EndGlobalSection
	GlobalSection(ProjectConfigurationPlatforms) = postSolution
		{6C6CBED8-9CCD-4E6D-A199-3EDE4F9CE6D8}.Debug|x64.ActiveCfg = Debug|x64
		{6C6CBED8-9CCD-4E6D-A199-3EDE4F9CE6D8}.Debug|x64.Build.0 = Debug|x64
		{6C6CBED8-9CCD-4E6D-A199-3EDE4F9CE6D8}.Debug|x86.ActiveCfg = Debug|Win32
		{6C6CBED8-9CCD-4E6D-A199-3EDE4F9CE6D8}.Debug|x86.Build.0 = Debug|Win32
		{6C6CBED8-9CCD-4E6D-A199-3EDE4F9CE6D8}.Release|x64.ActiveCfg = Release|x64
		{6C6CBED8-9CCD-4E6D-A199-3EDE4F9CE6D8}.Release|x64.Build.0 = Release|x64
		{6C6CBED8-9CCD-4E6D-A199-3EDE4F9CE6D8}.Release|x86.ActiveCfg = Release|Win32
		{6C6CBED8-9CCD-4E6D-A199-3EDE4F9CE6D8}.Release|x86.Build.0 = Release|Win32
		{00D0B8E0-61E3-4669-AB52-87CA450F739E}.Debug|x64.ActiveCfg = Debug|x64
		{00D0B8E0-61E3-4669-AB52-87CA450F739E}.Debug|x64.Build.0 = Debug|x64
		{00D0B8E0-61E3-4669-AB52-87CA450F739E}.Debug|x86.ActiveCfg = Debug|Win32
		{00D0B8E0-61E3-4669-AB52-87CA450F739E}.Debug|x86.Build.0 = Debug|Win32
		{00D0B8E0-61E3-4669-AB52-87CA450F739E}.Release|x64.ActiveCfg = Release|x64
		{00D0B8E0-61E3-4669-AB52-87CA450F739E}.Release|x64.Build.0 = Release|x64
		{00D0B8E0-61E3-4669-AB52-87CA450F739E}.Release|x86.ActiveCfg = Release|Win32
		{00D0B8E0-61E3-4669-AB52-87CA450F739E}.Release|x86.Build.0 = Release|Win32
	EndGlobalSection
	GlobalSection(SolutionProperties) = preSolution
		HideSolutionNode = FALSE
	EndGlobalSection
	GlobalSection(ExtensibilityGlobals) = postSolution
		SolutionGuid = {FD0E7BFA-D49A-4BC9-8CA5-06BD24F7D658}
	EndGlobalSection
EndGlobal
